
Microsoft Visual Studio Solution File, Format Version 12.00
# Visual Studio Version 17
VisualStudioVersion = 17.0.31903.59
MinimumVisualStudioVersion = 10.0.40219.1
Project("{9A19103F-16F7-4668-BE54-9A1E7A4F7556}") = "SQLiteTest.Shared", "SQLiteTest.Shared\SQLiteTest.Shared.csproj", "{88121ED4-73E4-4FDC-965E-F9218605BC23}"
EndProject
Project("{9A19103F-16F7-4668-BE54-9A1E7A4F7556}") = "System.Data.SqLite.Test", "System.Data.SqLite.Test\System.Data.SqLite.Test.csproj", "{CBD08FFF-EE3B-4311-9ED1-0E2F16863176}"
EndProject
Project("{9A19103F-16F7-4668-BE54-9A1E7A4F7556}") = "Microsoft.Data.Sqlite.Test", "Microsoft.Data.Sqlite.Test\Microsoft.Data.Sqlite.Test.csproj", "{1D3FD262-375E-445E-9AE1-5116FA116CFC}"
EndProject
Project("{9A19103F-16F7-4668-BE54-9A1E7A4F7556}") = "SQLite-Net.Test", "SQLite-Net.Test\SQLite-Net.Test.csproj", "{D0DEBF43-F3F5-4F19-B9E5-E38B8F431682}"
EndProject
Project("{9A19103F-16F7-4668-BE54-9A1E7A4F7556}") = "Test.SqLite.OnConsole", "Console.SqLite.Test\Test.SqLite.OnConsole.csproj", "{7D6F9704-801D-4E05-BD28-EDFCE5DDF8DF}"
EndProject
Project("{FAE04EC0-301F-11D3-BF4B-00C04F79EFBC}") = "Test.SqLite.OnAndroid", "Test.SqLite.OnAndroid\Test.SqLite.OnAndroid.csproj", "{C31BEF8B-ED3B-494F-8393-00023F2CD010}"
EndProject
Project("{FAE04EC0-301F-11D3-BF4B-00C04F79EFBC}") = "Test.SqLite.OniOs", "Test.SqLite.OniOs\Test.SqLite.OniOs.csproj", "{1D4C9721-ABF9-4EA1-9720-F834B0AF085E}"
EndProject
Project("{FAE04EC0-301F-11D3-BF4B-00C04F79EFBC}") = "Test.SqLite.OnUWP", "Test.SqLite.OnUWP\Test.SqLite.OnUWP.csproj", "{4382476D-019A-480D-97CE-D5B70836A00A}"
EndProject
Project("{FAE04EC0-301F-11D3-BF4B-00C04F79EFBC}") = "Test.SqLite.OnMAUI", "Test.SqLite.OnMAUI\Test.SqLite.OnMAUI.csproj", "{D754A4B0-AE9C-4D21-8903-D920D0F8670D}"
EndProject
Global
	GlobalSection(SolutionConfigurationPlatforms) = preSolution
		Debug|Any CPU = Debug|Any CPU
		Debug|ARM = Debug|ARM
		Debug|ARM64 = Debug|ARM64
		Debug|iPhone = Debug|iPhone
		Debug|iPhoneSimulator = Debug|iPhoneSimulator
		Debug|x64 = Debug|x64
		Debug|x86 = Debug|x86
		Release|Any CPU = Release|Any CPU
		Release|ARM = Release|ARM
		Release|ARM64 = Release|ARM64
		Release|iPhone = Release|iPhone
		Release|iPhoneSimulator = Release|iPhoneSimulator
		Release|x64 = Release|x64
		Release|x86 = Release|x86
	EndGlobalSection
	GlobalSection(ProjectConfigurationPlatforms) = postSolution
		{88121ED4-73E4-4FDC-965E-F9218605BC23}.Debug|Any CPU.ActiveCfg = Debug|Any CPU
		{88121ED4-73E4-4FDC-965E-F9218605BC23}.Debug|Any CPU.Build.0 = Debug|Any CPU
		{88121ED4-73E4-4FDC-965E-F9218605BC23}.Debug|ARM.ActiveCfg = Debug|Any CPU
		{88121ED4-73E4-4FDC-965E-F9218605BC23}.Debug|ARM.Build.0 = Debug|Any CPU
		{88121ED4-73E4-4FDC-965E-F9218605BC23}.Debug|ARM64.ActiveCfg = Debug|Any CPU
		{88121ED4-73E4-4FDC-965E-F9218605BC23}.Debug|ARM64.Build.0 = Debug|Any CPU
		{88121ED4-73E4-4FDC-965E-F9218605BC23}.Debug|iPhone.ActiveCfg = Debug|Any CPU
		{88121ED4-73E4-4FDC-965E-F9218605BC23}.Debug|iPhone.Build.0 = Debug|Any CPU
		{88121ED4-73E4-4FDC-965E-F9218605BC23}.Debug|iPhoneSimulator.ActiveCfg = Debug|Any CPU
		{88121ED4-73E4-4FDC-965E-F9218605BC23}.Debug|iPhoneSimulator.Build.0 = Debug|Any CPU
		{88121ED4-73E4-4FDC-965E-F9218605BC23}.Debug|x64.ActiveCfg = Debug|Any CPU
		{88121ED4-73E4-4FDC-965E-F9218605BC23}.Debug|x64.Build.0 = Debug|Any CPU
		{88121ED4-73E4-4FDC-965E-F9218605BC23}.Debug|x86.ActiveCfg = Debug|Any CPU
		{88121ED4-73E4-4FDC-965E-F9218605BC23}.Debug|x86.Build.0 = Debug|Any CPU
		{88121ED4-73E4-4FDC-965E-F9218605BC23}.Release|Any CPU.ActiveCfg = Release|Any CPU
		{88121ED4-73E4-4FDC-965E-F9218605BC23}.Release|Any CPU.Build.0 = Release|Any CPU
		{88121ED4-73E4-4FDC-965E-F9218605BC23}.Release|ARM.ActiveCfg = Release|Any CPU
		{88121ED4-73E4-4FDC-965E-F9218605BC23}.Release|ARM.Build.0 = Release|Any CPU
		{88121ED4-73E4-4FDC-965E-F9218605BC23}.Release|ARM64.ActiveCfg = Release|Any CPU
		{88121ED4-73E4-4FDC-965E-F9218605BC23}.Release|ARM64.Build.0 = Release|Any CPU
		{88121ED4-73E4-4FDC-965E-F9218605BC23}.Release|iPhone.ActiveCfg = Release|Any CPU
		{88121ED4-73E4-4FDC-965E-F9218605BC23}.Release|iPhone.Build.0 = Release|Any CPU
		{88121ED4-73E4-4FDC-965E-F9218605BC23}.Release|iPhoneSimulator.ActiveCfg = Release|Any CPU
		{88121ED4-73E4-4FDC-965E-F9218605BC23}.Release|iPhoneSimulator.Build.0 = Release|Any CPU
		{88121ED4-73E4-4FDC-965E-F9218605BC23}.Release|x64.ActiveCfg = Release|Any CPU
		{88121ED4-73E4-4FDC-965E-F9218605BC23}.Release|x64.Build.0 = Release|Any CPU
		{88121ED4-73E4-4FDC-965E-F9218605BC23}.Release|x86.ActiveCfg = Release|Any CPU
		{88121ED4-73E4-4FDC-965E-F9218605BC23}.Release|x86.Build.0 = Release|Any CPU
		{CBD08FFF-EE3B-4311-9ED1-0E2F16863176}.Debug|Any CPU.ActiveCfg = Debug|Any CPU
		{CBD08FFF-EE3B-4311-9ED1-0E2F16863176}.Debug|Any CPU.Build.0 = Debug|Any CPU
		{CBD08FFF-EE3B-4311-9ED1-0E2F16863176}.Debug|ARM.ActiveCfg = Debug|Any CPU
		{CBD08FFF-EE3B-4311-9ED1-0E2F16863176}.Debug|ARM.Build.0 = Debug|Any CPU
		{CBD08FFF-EE3B-4311-9ED1-0E2F16863176}.Debug|ARM64.ActiveCfg = Debug|Any CPU
		{CBD08FFF-EE3B-4311-9ED1-0E2F16863176}.Debug|ARM64.Build.0 = Debug|Any CPU
		{CBD08FFF-EE3B-4311-9ED1-0E2F16863176}.Debug|iPhone.ActiveCfg = Debug|Any CPU
		{CBD08FFF-EE3B-4311-9ED1-0E2F16863176}.Debug|iPhone.Build.0 = Debug|Any CPU
		{CBD08FFF-EE3B-4311-9ED1-0E2F16863176}.Debug|iPhoneSimulator.ActiveCfg = Debug|Any CPU
		{CBD08FFF-EE3B-4311-9ED1-0E2F16863176}.Debug|iPhoneSimulator.Build.0 = Debug|Any CPU
		{CBD08FFF-EE3B-4311-9ED1-0E2F16863176}.Debug|x64.ActiveCfg = Debug|Any CPU
		{CBD08FFF-EE3B-4311-9ED1-0E2F16863176}.Debug|x64.Build.0 = Debug|Any CPU
		{CBD08FFF-EE3B-4311-9ED1-0E2F16863176}.Debug|x86.ActiveCfg = Debug|Any CPU
		{CBD08FFF-EE3B-4311-9ED1-0E2F16863176}.Debug|x86.Build.0 = Debug|Any CPU
		{CBD08FFF-EE3B-4311-9ED1-0E2F16863176}.Release|Any CPU.ActiveCfg = Release|Any CPU
		{CBD08FFF-EE3B-4311-9ED1-0E2F16863176}.Release|Any CPU.Build.0 = Release|Any CPU
		{CBD08FFF-EE3B-4311-9ED1-0E2F16863176}.Release|ARM.ActiveCfg = Release|Any CPU
		{CBD08FFF-EE3B-4311-9ED1-0E2F16863176}.Release|ARM.Build.0 = Release|Any CPU
		{CBD08FFF-EE3B-4311-9ED1-0E2F16863176}.Release|ARM64.ActiveCfg = Release|Any CPU
		{CBD08FFF-EE3B-4311-9ED1-0E2F16863176}.Release|ARM64.Build.0 = Release|Any CPU
		{CBD08FFF-EE3B-4311-9ED1-0E2F16863176}.Release|iPhone.ActiveCfg = Release|Any CPU
		{CBD08FFF-EE3B-4311-9ED1-0E2F16863176}.Release|iPhone.Build.0 = Release|Any CPU
		{CBD08FFF-EE3B-4311-9ED1-0E2F16863176}.Release|iPhoneSimulator.ActiveCfg = Release|Any CPU
		{CBD08FFF-EE3B-4311-9ED1-0E2F16863176}.Release|iPhoneSimulator.Build.0 = Release|Any CPU
		{CBD08FFF-EE3B-4311-9ED1-0E2F16863176}.Release|x64.ActiveCfg = Release|Any CPU
		{CBD08FFF-EE3B-4311-9ED1-0E2F16863176}.Release|x64.Build.0 = Release|Any CPU
		{CBD08FFF-EE3B-4311-9ED1-0E2F16863176}.Release|x86.ActiveCfg = Release|Any CPU
		{CBD08FFF-EE3B-4311-9ED1-0E2F16863176}.Release|x86.Build.0 = Release|Any CPU
		{1D3FD262-375E-445E-9AE1-5116FA116CFC}.Debug|Any CPU.ActiveCfg = Debug|Any CPU
		{1D3FD262-375E-445E-9AE1-5116FA116CFC}.Debug|Any CPU.Build.0 = Debug|Any CPU
		{1D3FD262-375E-445E-9AE1-5116FA116CFC}.Debug|ARM.ActiveCfg = Debug|Any CPU
		{1D3FD262-375E-445E-9AE1-5116FA116CFC}.Debug|ARM.Build.0 = Debug|Any CPU
		{1D3FD262-375E-445E-9AE1-5116FA116CFC}.Debug|ARM64.ActiveCfg = Debug|Any CPU
		{1D3FD262-375E-445E-9AE1-5116FA116CFC}.Debug|ARM64.Build.0 = Debug|Any CPU
		{1D3FD262-375E-445E-9AE1-5116FA116CFC}.Debug|iPhone.ActiveCfg = Debug|Any CPU
		{1D3FD262-375E-445E-9AE1-5116FA116CFC}.Debug|iPhone.Build.0 = Debug|Any CPU
		{1D3FD262-375E-445E-9AE1-5116FA116CFC}.Debug|iPhoneSimulator.ActiveCfg = Debug|Any CPU
		{1D3FD262-375E-445E-9AE1-5116FA116CFC}.Debug|iPhoneSimulator.Build.0 = Debug|Any CPU
		{1D3FD262-375E-445E-9AE1-5116FA116CFC}.Debug|x64.ActiveCfg = Debug|Any CPU
		{1D3FD262-375E-445E-9AE1-5116FA116CFC}.Debug|x64.Build.0 = Debug|Any CPU
		{1D3FD262-375E-445E-9AE1-5116FA116CFC}.Debug|x86.ActiveCfg = Debug|Any CPU
		{1D3FD262-375E-445E-9AE1-5116FA116CFC}.Debug|x86.Build.0 = Debug|Any CPU
		{1D3FD262-375E-445E-9AE1-5116FA116CFC}.Release|Any CPU.ActiveCfg = Release|Any CPU
		{1D3FD262-375E-445E-9AE1-5116FA116CFC}.Release|Any CPU.Build.0 = Release|Any CPU
		{1D3FD262-375E-445E-9AE1-5116FA116CFC}.Release|ARM.ActiveCfg = Release|Any CPU
		{1D3FD262-375E-445E-9AE1-5116FA116CFC}.Release|ARM.Build.0 = Release|Any CPU
		{1D3FD262-375E-445E-9AE1-5116FA116CFC}.Release|ARM64.ActiveCfg = Release|Any CPU
		{1D3FD262-375E-445E-9AE1-5116FA116CFC}.Release|ARM64.Build.0 = Release|Any CPU
		{1D3FD262-375E-445E-9AE1-5116FA116CFC}.Release|iPhone.ActiveCfg = Release|Any CPU
		{1D3FD262-375E-445E-9AE1-5116FA116CFC}.Release|iPhone.Build.0 = Release|Any CPU
		{1D3FD262-375E-445E-9AE1-5116FA116CFC}.Release|iPhoneSimulator.ActiveCfg = Release|Any CPU
		{1D3FD262-375E-445E-9AE1-5116FA116CFC}.Release|iPhoneSimulator.Build.0 = Release|Any CPU
		{1D3FD262-375E-445E-9AE1-5116FA116CFC}.Release|x64.ActiveCfg = Release|Any CPU
		{1D3FD262-375E-445E-9AE1-5116FA116CFC}.Release|x64.Build.0 = Release|Any CPU
		{1D3FD262-375E-445E-9AE1-5116FA116CFC}.Release|x86.ActiveCfg = Release|Any CPU
		{1D3FD262-375E-445E-9AE1-5116FA116CFC}.Release|x86.Build.0 = Release|Any CPU
		{D0DEBF43-F3F5-4F19-B9E5-E38B8F431682}.Debug|Any CPU.ActiveCfg = Debug|Any CPU
		{D0DEBF43-F3F5-4F19-B9E5-E38B8F431682}.Debug|Any CPU.Build.0 = Debug|Any CPU
		{D0DEBF43-F3F5-4F19-B9E5-E38B8F431682}.Debug|ARM.ActiveCfg = Debug|Any CPU
		{D0DEBF43-F3F5-4F19-B9E5-E38B8F431682}.Debug|ARM.Build.0 = Debug|Any CPU
		{D0DEBF43-F3F5-4F19-B9E5-E38B8F431682}.Debug|ARM64.ActiveCfg = Debug|Any CPU
		{D0DEBF43-F3F5-4F19-B9E5-E38B8F431682}.Debug|ARM64.Build.0 = Debug|Any CPU
		{D0DEBF43-F3F5-4F19-B9E5-E38B8F431682}.Debug|iPhone.ActiveCfg = Debug|Any CPU
		{D0DEBF43-F3F5-4F19-B9E5-E38B8F431682}.Debug|iPhone.Build.0 = Debug|Any CPU
		{D0DEBF43-F3F5-4F19-B9E5-E38B8F431682}.Debug|iPhoneSimulator.ActiveCfg = Debug|Any CPU
		{D0DEBF43-F3F5-4F19-B9E5-E38B8F431682}.Debug|iPhoneSimulator.Build.0 = Debug|Any CPU
		{D0DEBF43-F3F5-4F19-B9E5-E38B8F431682}.Debug|x64.ActiveCfg = Debug|Any CPU
		{D0DEBF43-F3F5-4F19-B9E5-E38B8F431682}.Debug|x64.Build.0 = Debug|Any CPU
		{D0DEBF43-F3F5-4F19-B9E5-E38B8F431682}.Debug|x86.ActiveCfg = Debug|Any CPU
		{D0DEBF43-F3F5-4F19-B9E5-E38B8F431682}.Debug|x86.Build.0 = Debug|Any CPU
		{D0DEBF43-F3F5-4F19-B9E5-E38B8F431682}.Release|Any CPU.ActiveCfg = Release|Any CPU
		{D0DEBF43-F3F5-4F19-B9E5-E38B8F431682}.Release|Any CPU.Build.0 = Release|Any CPU
		{D0DEBF43-F3F5-4F19-B9E5-E38B8F431682}.Release|ARM.ActiveCfg = Release|Any CPU
		{D0DEBF43-F3F5-4F19-B9E5-E38B8F431682}.Release|ARM.Build.0 = Release|Any CPU
		{D0DEBF43-F3F5-4F19-B9E5-E38B8F431682}.Release|ARM64.ActiveCfg = Release|Any CPU
		{D0DEBF43-F3F5-4F19-B9E5-E38B8F431682}.Release|ARM64.Build.0 = Release|Any CPU
		{D0DEBF43-F3F5-4F19-B9E5-E38B8F431682}.Release|iPhone.ActiveCfg = Release|Any CPU
		{D0DEBF43-F3F5-4F19-B9E5-E38B8F431682}.Release|iPhone.Build.0 = Release|Any CPU
		{D0DEBF43-F3F5-4F19-B9E5-E38B8F431682}.Release|iPhoneSimulator.ActiveCfg = Release|Any CPU
		{D0DEBF43-F3F5-4F19-B9E5-E38B8F431682}.Release|iPhoneSimulator.Build.0 = Release|Any CPU
		{D0DEBF43-F3F5-4F19-B9E5-E38B8F431682}.Release|x64.ActiveCfg = Release|Any CPU
		{D0DEBF43-F3F5-4F19-B9E5-E38B8F431682}.Release|x64.Build.0 = Release|Any CPU
		{D0DEBF43-F3F5-4F19-B9E5-E38B8F431682}.Release|x86.ActiveCfg = Release|Any CPU
		{D0DEBF43-F3F5-4F19-B9E5-E38B8F431682}.Release|x86.Build.0 = Release|Any CPU
		{7D6F9704-801D-4E05-BD28-EDFCE5DDF8DF}.Debug|Any CPU.ActiveCfg = Debug|Any CPU
		{7D6F9704-801D-4E05-BD28-EDFCE5DDF8DF}.Debug|Any CPU.Build.0 = Debug|Any CPU
		{7D6F9704-801D-4E05-BD28-EDFCE5DDF8DF}.Debug|ARM.ActiveCfg = Debug|Any CPU
		{7D6F9704-801D-4E05-BD28-EDFCE5DDF8DF}.Debug|ARM.Build.0 = Debug|Any CPU
		{7D6F9704-801D-4E05-BD28-EDFCE5DDF8DF}.Debug|ARM64.ActiveCfg = Debug|Any CPU
		{7D6F9704-801D-4E05-BD28-EDFCE5DDF8DF}.Debug|ARM64.Build.0 = Debug|Any CPU
		{7D6F9704-801D-4E05-BD28-EDFCE5DDF8DF}.Debug|iPhone.ActiveCfg = Debug|Any CPU
		{7D6F9704-801D-4E05-BD28-EDFCE5DDF8DF}.Debug|iPhone.Build.0 = Debug|Any CPU
		{7D6F9704-801D-4E05-BD28-EDFCE5DDF8DF}.Debug|iPhoneSimulator.ActiveCfg = Debug|Any CPU
		{7D6F9704-801D-4E05-BD28-EDFCE5DDF8DF}.Debug|iPhoneSimulator.Build.0 = Debug|Any CPU
		{7D6F9704-801D-4E05-BD28-EDFCE5DDF8DF}.Debug|x64.ActiveCfg = Debug|Any CPU
		{7D6F9704-801D-4E05-BD28-EDFCE5DDF8DF}.Debug|x64.Build.0 = Debug|Any CPU
		{7D6F9704-801D-4E05-BD28-EDFCE5DDF8DF}.Debug|x86.ActiveCfg = Debug|Any CPU
		{7D6F9704-801D-4E05-BD28-EDFCE5DDF8DF}.Debug|x86.Build.0 = Debug|Any CPU
		{7D6F9704-801D-4E05-BD28-EDFCE5DDF8DF}.Release|Any CPU.ActiveCfg = Release|Any CPU
		{7D6F9704-801D-4E05-BD28-EDFCE5DDF8DF}.Release|Any CPU.Build.0 = Release|Any CPU
		{7D6F9704-801D-4E05-BD28-EDFCE5DDF8DF}.Release|ARM.ActiveCfg = Release|Any CPU
		{7D6F9704-801D-4E05-BD28-EDFCE5DDF8DF}.Release|ARM.Build.0 = Release|Any CPU
		{7D6F9704-801D-4E05-BD28-EDFCE5DDF8DF}.Release|ARM64.ActiveCfg = Release|Any CPU
		{7D6F9704-801D-4E05-BD28-EDFCE5DDF8DF}.Release|ARM64.Build.0 = Release|Any CPU
		{7D6F9704-801D-4E05-BD28-EDFCE5DDF8DF}.Release|iPhone.ActiveCfg = Release|Any CPU
		{7D6F9704-801D-4E05-BD28-EDFCE5DDF8DF}.Release|iPhone.Build.0 = Release|Any CPU
		{7D6F9704-801D-4E05-BD28-EDFCE5DDF8DF}.Release|iPhoneSimulator.ActiveCfg = Release|Any CPU
		{7D6F9704-801D-4E05-BD28-EDFCE5DDF8DF}.Release|iPhoneSimulator.Build.0 = Release|Any CPU
		{7D6F9704-801D-4E05-BD28-EDFCE5DDF8DF}.Release|x64.ActiveCfg = Release|Any CPU
		{7D6F9704-801D-4E05-BD28-EDFCE5DDF8DF}.Release|x64.Build.0 = Release|Any CPU
		{7D6F9704-801D-4E05-BD28-EDFCE5DDF8DF}.Release|x86.ActiveCfg = Release|Any CPU
		{7D6F9704-801D-4E05-BD28-EDFCE5DDF8DF}.Release|x86.Build.0 = Release|Any CPU
		{C31BEF8B-ED3B-494F-8393-00023F2CD010}.Debug|Any CPU.ActiveCfg = Debug|Any CPU
		{C31BEF8B-ED3B-494F-8393-00023F2CD010}.Debug|Any CPU.Build.0 = Debug|Any CPU
		{C31BEF8B-ED3B-494F-8393-00023F2CD010}.Debug|Any CPU.Deploy.0 = Debug|Any CPU
		{C31BEF8B-ED3B-494F-8393-00023F2CD010}.Debug|ARM.ActiveCfg = Debug|Any CPU
		{C31BEF8B-ED3B-494F-8393-00023F2CD010}.Debug|ARM.Build.0 = Debug|Any CPU
		{C31BEF8B-ED3B-494F-8393-00023F2CD010}.Debug|ARM.Deploy.0 = Debug|Any CPU
		{C31BEF8B-ED3B-494F-8393-00023F2CD010}.Debug|ARM64.ActiveCfg = Debug|Any CPU
		{C31BEF8B-ED3B-494F-8393-00023F2CD010}.Debug|ARM64.Build.0 = Debug|Any CPU
		{C31BEF8B-ED3B-494F-8393-00023F2CD010}.Debug|ARM64.Deploy.0 = Debug|Any CPU
		{C31BEF8B-ED3B-494F-8393-00023F2CD010}.Debug|iPhone.ActiveCfg = Debug|Any CPU
		{C31BEF8B-ED3B-494F-8393-00023F2CD010}.Debug|iPhone.Build.0 = Debug|Any CPU
		{C31BEF8B-ED3B-494F-8393-00023F2CD010}.Debug|iPhone.Deploy.0 = Debug|Any CPU
		{C31BEF8B-ED3B-494F-8393-00023F2CD010}.Debug|iPhoneSimulator.ActiveCfg = Debug|Any CPU
		{C31BEF8B-ED3B-494F-8393-00023F2CD010}.Debug|iPhoneSimulator.Build.0 = Debug|Any CPU
		{C31BEF8B-ED3B-494F-8393-00023F2CD010}.Debug|iPhoneSimulator.Deploy.0 = Debug|Any CPU
		{C31BEF8B-ED3B-494F-8393-00023F2CD010}.Debug|x64.ActiveCfg = Debug|Any CPU
		{C31BEF8B-ED3B-494F-8393-00023F2CD010}.Debug|x64.Build.0 = Debug|Any CPU
		{C31BEF8B-ED3B-494F-8393-00023F2CD010}.Debug|x64.Deploy.0 = Debug|Any CPU
		{C31BEF8B-ED3B-494F-8393-00023F2CD010}.Debug|x86.ActiveCfg = Debug|Any CPU
		{C31BEF8B-ED3B-494F-8393-00023F2CD010}.Debug|x86.Build.0 = Debug|Any CPU
		{C31BEF8B-ED3B-494F-8393-00023F2CD010}.Debug|x86.Deploy.0 = Debug|Any CPU
		{C31BEF8B-ED3B-494F-8393-00023F2CD010}.Release|Any CPU.ActiveCfg = Release|Any CPU
		{C31BEF8B-ED3B-494F-8393-00023F2CD010}.Release|Any CPU.Build.0 = Release|Any CPU
		{C31BEF8B-ED3B-494F-8393-00023F2CD010}.Release|Any CPU.Deploy.0 = Release|Any CPU
		{C31BEF8B-ED3B-494F-8393-00023F2CD010}.Release|ARM.ActiveCfg = Release|Any CPU
		{C31BEF8B-ED3B-494F-8393-00023F2CD010}.Release|ARM.Build.0 = Release|Any CPU
		{C31BEF8B-ED3B-494F-8393-00023F2CD010}.Release|ARM.Deploy.0 = Release|Any CPU
		{C31BEF8B-ED3B-494F-8393-00023F2CD010}.Release|ARM64.ActiveCfg = Release|Any CPU
		{C31BEF8B-ED3B-494F-8393-00023F2CD010}.Release|ARM64.Build.0 = Release|Any CPU
		{C31BEF8B-ED3B-494F-8393-00023F2CD010}.Release|ARM64.Deploy.0 = Release|Any CPU
		{C31BEF8B-ED3B-494F-8393-00023F2CD010}.Release|iPhone.ActiveCfg = Release|Any CPU
		{C31BEF8B-ED3B-494F-8393-00023F2CD010}.Release|iPhone.Build.0 = Release|Any CPU
		{C31BEF8B-ED3B-494F-8393-00023F2CD010}.Release|iPhone.Deploy.0 = Release|Any CPU
		{C31BEF8B-ED3B-494F-8393-00023F2CD010}.Release|iPhoneSimulator.ActiveCfg = Release|Any CPU
		{C31BEF8B-ED3B-494F-8393-00023F2CD010}.Release|iPhoneSimulator.Build.0 = Release|Any CPU
		{C31BEF8B-ED3B-494F-8393-00023F2CD010}.Release|iPhoneSimulator.Deploy.0 = Release|Any CPU
		{C31BEF8B-ED3B-494F-8393-00023F2CD010}.Release|x64.ActiveCfg = Release|Any CPU
		{C31BEF8B-ED3B-494F-8393-00023F2CD010}.Release|x64.Build.0 = Release|Any CPU
		{C31BEF8B-ED3B-494F-8393-00023F2CD010}.Release|x64.Deploy.0 = Release|Any CPU
		{C31BEF8B-ED3B-494F-8393-00023F2CD010}.Release|x86.ActiveCfg = Release|Any CPU
		{C31BEF8B-ED3B-494F-8393-00023F2CD010}.Release|x86.Build.0 = Release|Any CPU
		{C31BEF8B-ED3B-494F-8393-00023F2CD010}.Release|x86.Deploy.0 = Release|Any CPU
		{1D4C9721-ABF9-4EA1-9720-F834B0AF085E}.Debug|Any CPU.ActiveCfg = Debug|iPhoneSimulator
		{1D4C9721-ABF9-4EA1-9720-F834B0AF085E}.Debug|Any CPU.Build.0 = Debug|iPhoneSimulator
		{1D4C9721-ABF9-4EA1-9720-F834B0AF085E}.Debug|ARM.ActiveCfg = Debug|iPhoneSimulator
		{1D4C9721-ABF9-4EA1-9720-F834B0AF085E}.Debug|ARM.Build.0 = Debug|iPhoneSimulator
		{1D4C9721-ABF9-4EA1-9720-F834B0AF085E}.Debug|ARM64.ActiveCfg = Debug|iPhoneSimulator
		{1D4C9721-ABF9-4EA1-9720-F834B0AF085E}.Debug|ARM64.Build.0 = Debug|iPhoneSimulator
		{1D4C9721-ABF9-4EA1-9720-F834B0AF085E}.Debug|iPhone.ActiveCfg = Debug|iPhone
		{1D4C9721-ABF9-4EA1-9720-F834B0AF085E}.Debug|iPhone.Build.0 = Debug|iPhone
		{1D4C9721-ABF9-4EA1-9720-F834B0AF085E}.Debug|iPhoneSimulator.ActiveCfg = Debug|iPhoneSimulator
		{1D4C9721-ABF9-4EA1-9720-F834B0AF085E}.Debug|iPhoneSimulator.Build.0 = Debug|iPhoneSimulator
		{1D4C9721-ABF9-4EA1-9720-F834B0AF085E}.Debug|x64.ActiveCfg = Debug|iPhoneSimulator
		{1D4C9721-ABF9-4EA1-9720-F834B0AF085E}.Debug|x64.Build.0 = Debug|iPhoneSimulator
		{1D4C9721-ABF9-4EA1-9720-F834B0AF085E}.Debug|x86.ActiveCfg = Debug|iPhoneSimulator
		{1D4C9721-ABF9-4EA1-9720-F834B0AF085E}.Debug|x86.Build.0 = Debug|iPhoneSimulator
		{1D4C9721-ABF9-4EA1-9720-F834B0AF085E}.Release|Any CPU.ActiveCfg = Release|iPhoneSimulator
		{1D4C9721-ABF9-4EA1-9720-F834B0AF085E}.Release|Any CPU.Build.0 = Release|iPhoneSimulator
		{1D4C9721-ABF9-4EA1-9720-F834B0AF085E}.Release|ARM.ActiveCfg = Release|iPhoneSimulator
		{1D4C9721-ABF9-4EA1-9720-F834B0AF085E}.Release|ARM.Build.0 = Release|iPhoneSimulator
		{1D4C9721-ABF9-4EA1-9720-F834B0AF085E}.Release|ARM64.ActiveCfg = Release|iPhoneSimulator
		{1D4C9721-ABF9-4EA1-9720-F834B0AF085E}.Release|ARM64.Build.0 = Release|iPhoneSimulator
		{1D4C9721-ABF9-4EA1-9720-F834B0AF085E}.Release|iPhone.ActiveCfg = Release|iPhone
		{1D4C9721-ABF9-4EA1-9720-F834B0AF085E}.Release|iPhone.Build.0 = Release|iPhone
		{1D4C9721-ABF9-4EA1-9720-F834B0AF085E}.Release|iPhoneSimulator.ActiveCfg = Release|iPhoneSimulator
		{1D4C9721-ABF9-4EA1-9720-F834B0AF085E}.Release|iPhoneSimulator.Build.0 = Release|iPhoneSimulator
		{1D4C9721-ABF9-4EA1-9720-F834B0AF085E}.Release|x64.ActiveCfg = Release|iPhoneSimulator
		{1D4C9721-ABF9-4EA1-9720-F834B0AF085E}.Release|x64.Build.0 = Release|iPhoneSimulator
		{1D4C9721-ABF9-4EA1-9720-F834B0AF085E}.Release|x86.ActiveCfg = Release|iPhoneSimulator
		{1D4C9721-ABF9-4EA1-9720-F834B0AF085E}.Release|x86.Build.0 = Release|iPhoneSimulator
		{4382476D-019A-480D-97CE-D5B70836A00A}.Debug|Any CPU.ActiveCfg = Debug|x64
		{4382476D-019A-480D-97CE-D5B70836A00A}.Debug|Any CPU.Build.0 = Debug|x64
		{4382476D-019A-480D-97CE-D5B70836A00A}.Debug|Any CPU.Deploy.0 = Debug|x64
		{4382476D-019A-480D-97CE-D5B70836A00A}.Debug|ARM.ActiveCfg = Debug|ARM
		{4382476D-019A-480D-97CE-D5B70836A00A}.Debug|ARM.Build.0 = Debug|ARM
		{4382476D-019A-480D-97CE-D5B70836A00A}.Debug|ARM.Deploy.0 = Debug|ARM
		{4382476D-019A-480D-97CE-D5B70836A00A}.Debug|ARM64.ActiveCfg = Debug|ARM64
		{4382476D-019A-480D-97CE-D5B70836A00A}.Debug|ARM64.Build.0 = Debug|ARM64
		{4382476D-019A-480D-97CE-D5B70836A00A}.Debug|ARM64.Deploy.0 = Debug|ARM64
		{4382476D-019A-480D-97CE-D5B70836A00A}.Debug|iPhone.ActiveCfg = Debug|x64
		{4382476D-019A-480D-97CE-D5B70836A00A}.Debug|iPhone.Build.0 = Debug|x64
		{4382476D-019A-480D-97CE-D5B70836A00A}.Debug|iPhone.Deploy.0 = Debug|x64
		{4382476D-019A-480D-97CE-D5B70836A00A}.Debug|iPhoneSimulator.ActiveCfg = Debug|x64
		{4382476D-019A-480D-97CE-D5B70836A00A}.Debug|iPhoneSimulator.Build.0 = Debug|x64
		{4382476D-019A-480D-97CE-D5B70836A00A}.Debug|iPhoneSimulator.Deploy.0 = Debug|x64
		{4382476D-019A-480D-97CE-D5B70836A00A}.Debug|x64.ActiveCfg = Debug|x64
		{4382476D-019A-480D-97CE-D5B70836A00A}.Debug|x64.Build.0 = Debug|x64
		{4382476D-019A-480D-97CE-D5B70836A00A}.Debug|x64.Deploy.0 = Debug|x64
		{4382476D-019A-480D-97CE-D5B70836A00A}.Debug|x86.ActiveCfg = Debug|x86
		{4382476D-019A-480D-97CE-D5B70836A00A}.Debug|x86.Build.0 = Debug|x86
		{4382476D-019A-480D-97CE-D5B70836A00A}.Debug|x86.Deploy.0 = Debug|x86
		{4382476D-019A-480D-97CE-D5B70836A00A}.Release|Any CPU.ActiveCfg = Release|x64
		{4382476D-019A-480D-97CE-D5B70836A00A}.Release|Any CPU.Build.0 = Release|x64
		{4382476D-019A-480D-97CE-D5B70836A00A}.Release|Any CPU.Deploy.0 = Release|x64
		{4382476D-019A-480D-97CE-D5B70836A00A}.Release|ARM.ActiveCfg = Release|ARM
		{4382476D-019A-480D-97CE-D5B70836A00A}.Release|ARM.Build.0 = Release|ARM
		{4382476D-019A-480D-97CE-D5B70836A00A}.Release|ARM.Deploy.0 = Release|ARM
		{4382476D-019A-480D-97CE-D5B70836A00A}.Release|ARM64.ActiveCfg = Release|ARM64
		{4382476D-019A-480D-97CE-D5B70836A00A}.Release|ARM64.Build.0 = Release|ARM64
		{4382476D-019A-480D-97CE-D5B70836A00A}.Release|ARM64.Deploy.0 = Release|ARM64
		{4382476D-019A-480D-97CE-D5B70836A00A}.Release|iPhone.ActiveCfg = Release|x64
		{4382476D-019A-480D-97CE-D5B70836A00A}.Release|iPhone.Build.0 = Release|x64
		{4382476D-019A-480D-97CE-D5B70836A00A}.Release|iPhone.Deploy.0 = Release|x64
		{4382476D-019A-480D-97CE-D5B70836A00A}.Release|iPhoneSimulator.ActiveCfg = Release|x64
		{4382476D-019A-480D-97CE-D5B70836A00A}.Release|iPhoneSimulator.Build.0 = Release|x64
		{4382476D-019A-480D-97CE-D5B70836A00A}.Release|iPhoneSimulator.Deploy.0 = Release|x64
		{4382476D-019A-480D-97CE-D5B70836A00A}.Release|x64.ActiveCfg = Release|x64
		{4382476D-019A-480D-97CE-D5B70836A00A}.Release|x64.Build.0 = Release|x64
		{4382476D-019A-480D-97CE-D5B70836A00A}.Release|x64.Deploy.0 = Release|x64
		{4382476D-019A-480D-97CE-D5B70836A00A}.Release|x86.ActiveCfg = Release|x86
		{4382476D-019A-480D-97CE-D5B70836A00A}.Release|x86.Build.0 = Release|x86
		{4382476D-019A-480D-97CE-D5B70836A00A}.Release|x86.Deploy.0 = Release|x86
		{D754A4B0-AE9C-4D21-8903-D920D0F8670D}.Debug|Any CPU.ActiveCfg = Debug|Any CPU
		{D754A4B0-AE9C-4D21-8903-D920D0F8670D}.Debug|Any CPU.Build.0 = Debug|Any CPU
		{D754A4B0-AE9C-4D21-8903-D920D0F8670D}.Debug|Any CPU.Deploy.0 = Debug|Any CPU
		{D754A4B0-AE9C-4D21-8903-D920D0F8670D}.Debug|ARM.ActiveCfg = Debug|Any CPU
		{D754A4B0-AE9C-4D21-8903-D920D0F8670D}.Debug|ARM.Build.0 = Debug|Any CPU
		{D754A4B0-AE9C-4D21-8903-D920D0F8670D}.Debug|ARM.Deploy.0 = Debug|Any CPU
		{D754A4B0-AE9C-4D21-8903-D920D0F8670D}.Debug|ARM64.ActiveCfg = Debug|Any CPU
		{D754A4B0-AE9C-4D21-8903-D920D0F8670D}.Debug|ARM64.Build.0 = Debug|Any CPU
		{D754A4B0-AE9C-4D21-8903-D920D0F8670D}.Debug|ARM64.Deploy.0 = Debug|Any CPU
		{D754A4B0-AE9C-4D21-8903-D920D0F8670D}.Debug|iPhone.ActiveCfg = Debug|Any CPU
		{D754A4B0-AE9C-4D21-8903-D920D0F8670D}.Debug|iPhone.Build.0 = Debug|Any CPU
		{D754A4B0-AE9C-4D21-8903-D920D0F8670D}.Debug|iPhone.Deploy.0 = Debug|Any CPU
		{D754A4B0-AE9C-4D21-8903-D920D0F8670D}.Debug|iPhoneSimulator.ActiveCfg = Debug|Any CPU
		{D754A4B0-AE9C-4D21-8903-D920D0F8670D}.Debug|iPhoneSimulator.Build.0 = Debug|Any CPU
		{D754A4B0-AE9C-4D21-8903-D920D0F8670D}.Debug|iPhoneSimulator.Deploy.0 = Debug|Any CPU
		{D754A4B0-AE9C-4D21-8903-D920D0F8670D}.Debug|x64.ActiveCfg = Debug|Any CPU
		{D754A4B0-AE9C-4D21-8903-D920D0F8670D}.Debug|x64.Build.0 = Debug|Any CPU
		{D754A4B0-AE9C-4D21-8903-D920D0F8670D}.Debug|x64.Deploy.0 = Debug|Any CPU
		{D754A4B0-AE9C-4D21-8903-D920D0F8670D}.Debug|x86.ActiveCfg = Debug|Any CPU
		{D754A4B0-AE9C-4D21-8903-D920D0F8670D}.Debug|x86.Build.0 = Debug|Any CPU
		{D754A4B0-AE9C-4D21-8903-D920D0F8670D}.Debug|x86.Deploy.0 = Debug|Any CPU
		{D754A4B0-AE9C-4D21-8903-D920D0F8670D}.Release|Any CPU.ActiveCfg = Release|Any CPU
		{D754A4B0-AE9C-4D21-8903-D920D0F8670D}.Release|Any CPU.Build.0 = Release|Any CPU
		{D754A4B0-AE9C-4D21-8903-D920D0F8670D}.Release|ARM.ActiveCfg = Release|Any CPU
		{D754A4B0-AE9C-4D21-8903-D920D0F8670D}.Release|ARM.Build.0 = Release|Any CPU
		{D754A4B0-AE9C-4D21-8903-D920D0F8670D}.Release|ARM64.ActiveCfg = Release|Any CPU
		{D754A4B0-AE9C-4D21-8903-D920D0F8670D}.Release|ARM64.Build.0 = Release|Any CPU
		{D754A4B0-AE9C-4D21-8903-D920D0F8670D}.Release|iPhone.ActiveCfg = Release|Any CPU
		{D754A4B0-AE9C-4D21-8903-D920D0F8670D}.Release|iPhone.Build.0 = Release|Any CPU
		{D754A4B0-AE9C-4D21-8903-D920D0F8670D}.Release|iPhoneSimulator.ActiveCfg = Release|Any CPU
		{D754A4B0-AE9C-4D21-8903-D920D0F8670D}.Release|iPhoneSimulator.Build.0 = Release|Any CPU
		{D754A4B0-AE9C-4D21-8903-D920D0F8670D}.Release|x64.ActiveCfg = Release|Any CPU
		{D754A4B0-AE9C-4D21-8903-D920D0F8670D}.Release|x64.Build.0 = Release|Any CPU
		{D754A4B0-AE9C-4D21-8903-D920D0F8670D}.Release|x86.ActiveCfg = Release|Any CPU
		{D754A4B0-AE9C-4D21-8903-D920D0F8670D}.Release|x86.Build.0 = Release|Any CPU
	EndGlobalSection
	GlobalSection(SolutionProperties) = preSolution
		HideSolutionNode = FALSE
	EndGlobalSection
	GlobalSection(ExtensibilityGlobals) = postSolution
		SolutionGuid = {F0F56092-2AAE-4D16-A934-EBFE3ED222E9}
	EndGlobalSection
EndGlobal
